{
  "name": "crv-distribution-data",
  "version": "1.0.0",
  "lockfileVersion": 1,
  "requires": true,
  "dependencies": {
    "async-retry": {
      "version": "1.3.1",
      "resolved": "https://registry.npmjs.org/async-retry/-/async-retry-1.3.1.tgz",
      "integrity": "sha512-aiieFW/7h3hY0Bq5d+ktDBejxuwR78vRu9hDUdR8rNhSaQ29VzPL4AoIRG7D/c7tdenwOcKvgPM6tIxB3cB6HA==",
      "requires": {
        "retry": "0.12.0"
      }
    },
    "bluebird": {
      "version": "3.7.2",
      "resolved": "https://registry.npmjs.org/bluebird/-/bluebird-3.7.2.tgz",
      "integrity": "sha512-XpNj6GDQzdfW+r2Wnn7xiSAd7TM3jzkxGXBGTtWKuSXv1xUV+azxAm8jdWZN06QTQk+2N2XB9jRDkvbmQmcRtg=="
    },
    "cross-fetch": {
      "version": "3.0.5",
      "resolved": "https://registry.npmjs.org/cross-fetch/-/cross-fetch-3.0.5.tgz",
      "integrity": "sha512-FFLcLtraisj5eteosnX1gf01qYDCOc4fDy0+euOt8Kn9YBY2NtXL/pCoYPavw24NIQkQqm5ZOLsGD5Zzj0gyew==",
      "requires": {
        "node-fetch": "2.6.0"
      }
    },
    "graphql": {
      "version": "15.3.0",
      "resolved": "https://registry.npmjs.org/graphql/-/graphql-15.3.0.tgz",
      "integrity": "sha512-GTCJtzJmkFLWRfFJuoo9RWWa/FfamUHgiFosxi/X1Ani4AVWbeyBenZTNX6dM+7WSbbFfTo/25eh0LLkwHMw2w=="
    },
    "graphql-request": {
      "version": "3.0.0",
      "resolved": "https://registry.npmjs.org/graphql-request/-/graphql-request-3.0.0.tgz",
      "integrity": "sha512-zW8AuLnKMYOnpVKdANU9FzLDoj4u4AoU6KZ79e+BcJaNiuw/vgCJ0p7ppDMSDrW77a12Moa7J7Mg4w0f9Kd/Kg==",
      "requires": {
        "cross-fetch": "^3.0.4"
      }
    },
    "node-fetch": {
      "version": "2.6.0",
      "resolved": "https://registry.npmjs.org/node-fetch/-/node-fetch-2.6.0.tgz",
      "integrity": "sha512-8dG4H5ujfvFiqDmVu9fQ5bOHUC15JMjMY/Zumv26oOvvVJjM67KF8koCWIabKQ1GJIa9r2mMZscBq/TbdOcmNA=="
    },
    "retry": {
      "version": "0.12.0",
      "resolved": "https://registry.npmjs.org/retry/-/retry-0.12.0.tgz",
      "integrity": "sha1-G0KmJmoh8HQh0bC1S33BZ7AcATs="
    }
  }
}
